PODS:
  - Alamofire (4.8.1)
  - Moya (12.0.1):
    - Moya/Core (= 12.0.1)
  - Moya/Core (12.0.1):
    - Alamofire (~> 4.1)
    - Result (~> 4.0)
  - OHHTTPStubs/Core (6.1.0)
  - OHHTTPStubs/Default (6.1.0):
    - OHHTTPStubs/Core
    - OHHTTPStubs/JSON
    - OHHTTPStubs/NSURLSession
    - OHHTTPStubs/OHPathHelpers
  - OHHTTPStubs/JSON (6.1.0):
    - OHHTTPStubs/Core
  - OHHTTPStubs/NSURLSession (6.1.0):
    - OHHTTPStubs/Core
  - OHHTTPStubs/OHPathHelpers (6.1.0)
  - OHHTTPStubs/Swift (6.1.0):
    - OHHTTPStubs/Default
  - Result (4.1.0)
  - SCLAlertView (0.8.1)

DEPENDENCIES:
  - Alamofire (= 4.8.1)
  - Moya (= 12.0.1)
  - OHHTTPStubs/Swift (= 6.1.0)
  - SCLAlertView (from `https://github.com/vikmeup/SCLAlertView-Swift.git`)

SPEC REPOS:
  trunk:
    - Alamofire
    - Moya
    - OHHTTPStubs
    - Result

EXTERNAL SOURCES:
  SCLAlertView:
    :git: https://github.com/vikmeup/SCLAlertView-Swift.git

CHECKOUT OPTIONS:
  SCLAlertView:
    :commit: f08ec93c299a221210e59462c84c79410050e5b7
    :git: https://github.com/vikmeup/SCLAlertView-Swift.git

SPEC CHECKSUMS:
  Alamofire: 16ce2c353fb72865124ddae8a57c5942388f4f11
  Moya: cf730b3cd9e005401ef37a85143aa141a12fd38f
  OHHTTPStubs: 1e21c7d2c084b8153fc53d48400d8919d2d432d0
  Result: bd966fac789cc6c1563440b348ab2598cc24d5c7
  SCLAlertView: 776813fb1f62248965f37cb7edf4088ee6394460

PODFILE CHECKSUM: 81135c01d5a1feca8c324f398faaae0b593058af

COCOAPODS: 1.9.1
